
Microsoft Visual Studio Solution File, Format Version 12.00
# Visual Studio Version 17
VisualStudioVersion = 17.3.32825.248
MinimumVisualStudioVersion = 10.0.40219.1
Project("{9A19103F-16F7-4668-BE54-9A1E7A4F7556}") = "CSharpExercises", "CSharpExercises\CSharpExercises.csproj", "{9607A877-949D-4784-9D68-2025DAE45CE7}"
EndProject
Global
	GlobalSection(SolutionConfigurationPlatforms) = preSolution
		Debug|Any CPU = Debug|Any CPU
		Release|Any CPU = Release|Any CPU
	EndGlobalSection
	GlobalSection(ProjectConfigurationPlatforms) = postSolution
		{9607A877-949D-4784-9D68-2025DAE45CE7}.Debug|Any CPU.ActiveCfg = Debug|Any CPU
		{9607A877-949D-4784-9D68-2025DAE45CE7}.Debug|Any CPU.Build.0 = Debug|Any CPU
		{9607A877-949D-4784-9D68-2025DAE45CE7}.Release|Any CPU.ActiveCfg = Release|Any CPU
		{9607A877-949D-4784-9D68-2025DAE45CE7}.Release|Any CPU.Build.0 = Release|Any CPU
	EndGlobalSection
	GlobalSection(SolutionProperties) = preSolution
		HideSolutionNode = FALSE
	EndGlobalSection
	GlobalSection(ExtensibilityGlobals) = postSolution
		SolutionGuid = {898D3D64-32E7-4652-B308-2D8B625A6ED9}
	EndGlobalSection
EndGlobal
